// !$*UTF8*$!
{
	archiveVersion = 1;
	classes = {
	};
	objectVersion = 48;
	objects = {

/* Begin PBXBuildFile section */
		E1646FF22012603C00E3E0D1 /* jrIoTitemManagerTests.swift in Sources */ = {isa = PBXBuildFile; fileRef = E1646FF12012603C00E3E0D1 /* jrIoTitemManagerTests.swift */; };
		E1646FF5201263BA00E3E0D1 /* JrIoTitemManager.swift in Sources */ = {isa = PBXBuildFile; fileRef = E1646FF4201263BA00E3E0D1 /* JrIoTitemManager.swift */; };
		E1C067671FF8053400A51B0E /* AppDelegate.swift in Sources */ = {isa = PBXBuildFile; fileRef = E1C067661FF8053400A51B0E /* AppDelegate.swift */; };
		E1C067691FF8053400A51B0E /* ViewController.swift in Sources */ = {isa = PBXBuildFile; fileRef = E1C067681FF8053400A51B0E /* ViewController.swift */; };
		E1C0676C1FF8053400A51B0E /* Main.storyboard in Resources */ = {isa = PBXBuildFile; fileRef = E1C0676A1FF8053400A51B0E /* Main.storyboard */; };
		E1C0676E1FF8053400A51B0E /* Assets.xcassets in Resources */ = {isa = PBXBuildFile; fileRef = E1C0676D1FF8053400A51B0E /* Assets.xcassets */; };
		E1C067711FF8053400A51B0E /* LaunchScreen.storyboard in Resources */ = {isa = PBXBuildFile; fileRef = E1C0676F1FF8053400A51B0E /* LaunchScreen.storyboard */; };
		E1C0677C1FF8053400A51B0E /* jrIoTTests.swift in Sources */ = {isa = PBXBuildFile; fileRef = E1C0677B1FF8053400A51B0E /* jrIoTTests.swift */; };
		E1C067881FF8080E00A51B0E /* JrIoTitem.swift in Sources */ = {isa = PBXBuildFile; fileRef = E1C067871FF8080E00A51B0E /* JrIoTitem.swift */; };
		E1CE0A871FFADD6F00AACB45 /* SwiftMQTT.framework in Frameworks */ = {isa = PBXBuildFile; fileRef = E1CE0A831FFADCBB00AACB45 /* SwiftMQTT.framework */; };
		E1CE0A881FFADD6F00AACB45 /* SwiftMQTT.framework in Embed Frameworks */ = {isa = PBXBuildFile; fileRef = E1CE0A831FFADCBB00AACB45 /* SwiftMQTT.framework */; settings = {ATTRIBUTES = (CodeSignOnCopy, RemoveHeadersOnCopy, ); }; };
/* End PBXBuildFile section */

/* Begin PBXContainerItemProxy section */
		E1C067781FF8053400A51B0E /* PBXContainerItemProxy */ = {
			isa = PBXContainerItemProxy;
			containerPortal = E1C0675B1FF8053400A51B0E /* Project object */;
			proxyType = 1;
			remoteGlobalIDString = E1C067621FF8053400A51B0E;
			remoteInfo = jrIoT;
		};
		E1CE0A821FFADCBB00AACB45 /* PBXContainerItemProxy */ = {
			isa = PBXContainerItemProxy;
			containerPortal = E1CE0A7D1FFADCBA00AACB45 /* SwiftMQTT.xcodeproj */;
			proxyType = 2;
			remoteGlobalIDString = 5471A8961BF228900079610F;
			remoteInfo = SwiftMQTT;
		};
		E1CE0A841FFADCBB00AACB45 /* PBXContainerItemProxy */ = {
			isa = PBXContainerItemProxy;
			containerPortal = E1CE0A7D1FFADCBA00AACB45 /* SwiftMQTT.xcodeproj */;
			proxyType = 2;
			remoteGlobalIDString = 5471A8A01BF228900079610F;
			remoteInfo = SwiftMQTTTests;
		};
		E1CE0A891FFADD6F00AACB45 /* PBXContainerItemProxy */ = {
			isa = PBXContainerItemProxy;
			containerPortal = E1CE0A7D1FFADCBA00AACB45 /* SwiftMQTT.xcodeproj */;
			proxyType = 1;
			remoteGlobalIDString = 5471A8951BF228900079610F;
			remoteInfo = SwiftMQTT;
		};
/* End PBXContainerItemProxy section */

/* Begin PBXCopyFilesBuildPhase section */
		E1CE0A8B1FFADD6F00AACB45 /* Embed Frameworks */ = {
			isa = PBXCopyFilesBuildPhase;
			buildActionMask = 2147483647;
			dstPath = "";
			dstSubfolderSpec = 10;
			files = (
				E1CE0A881FFADD6F00AACB45 /* SwiftMQTT.framework in Embed Frameworks */,
			);
			name = "Embed Frameworks";
			runOnlyForDeploymentPostprocessing = 0;
		};
/* End PBXCopyFilesBuildPhase section */

/* Begin PBXFileReference section */
		E1646FF12012603C00E3E0D1 /* jrIoTitemManagerTests.swift */ = {isa = PBXFileReference; lastKnownFileType = sourcecode.swift; path = jrIoTitemManagerTests.swift; sourceTree = "<group>"; };
		E1646FF4201263BA00E3E0D1 /* JrIoTitemManager.swift */ = {isa = PBXFileReference; lastKnownFileType = sourcecode.swift; path = JrIoTitemManager.swift; sourceTree = "<group>"; };
		E1C067631FF8053400A51B0E /* jrIoT.app */ = {isa = PBXFileReference; explicitFileType = wrapper.application; includeInIndex = 0; path = jrIoT.app; sourceTree = BUILT_PRODUCTS_DIR; };
		E1C067661FF8053400A51B0E /* AppDelegate.swift */ = {isa = PBXFileReference; lastKnownFileType = sourcecode.swift; path = AppDelegate.swift; sourceTree = "<group>"; };
		E1C067681FF8053400A51B0E /* ViewController.swift */ = {isa = PBXFileReference; lastKnownFileType = sourcecode.swift; path = ViewController.swift; sourceTree = "<group>"; };
		E1C0676B1FF8053400A51B0E /* Base */ = {isa = PBXFileReference; lastKnownFileType = file.storyboard; name = Base; path = Base.lproj/Main.storyboard; sourceTree = "<group>"; };
		E1C0676D1FF8053400A51B0E /* Assets.xcassets */ = {isa = PBXFileReference; lastKnownFileType = folder.assetcatalog; path = Assets.xcassets; sourceTree = "<group>"; };
		E1C067701FF8053400A51B0E /* Base */ = {isa = PBXFileReference; lastKnownFileType = file.storyboard; name = Base; path = Base.lproj/LaunchScreen.storyboard; sourceTree = "<group>"; };
		E1C067721FF8053400A51B0E /* Info.plist */ = {isa = PBXFileReference; lastKnownFileType = text.plist.xml; path = Info.plist; sourceTree = "<group>"; };
		E1C067771FF8053400A51B0E /* jrIoTTests.xctest */ = {isa = PBXFileReference; explicitFileType = wrapper.cfbundle; includeInIndex = 0; path = jrIoTTests.xctest; sourceTree = BUILT_PRODUCTS_DIR; };
		E1C0677B1FF8053400A51B0E /* jrIoTTests.swift */ = {isa = PBXFileReference; lastKnownFileType = sourcecode.swift; path = jrIoTTests.swift; sourceTree = "<group>"; };
		E1C0677D1FF8053400A51B0E /* Info.plist */ = {isa = PBXFileReference; lastKnownFileType = text.plist.xml; path = Info.plist; sourceTree = "<group>"; };
		E1C067871FF8080E00A51B0E /* JrIoTitem.swift */ = {isa = PBXFileReference; lastKnownFileType = sourcecode.swift; path = JrIoTitem.swift; sourceTree = "<group>"; };
		E1CE0A7D1FFADCBA00AACB45 /* SwiftMQTT.xcodeproj */ = {isa = PBXFileReference; lastKnownFileType = "wrapper.pb-project"; name = SwiftMQTT.xcodeproj; path = jrIoT/Model/SwiftMQTT/SwiftMQTT/SwiftMQTT.xcodeproj; sourceTree = "<group>"; };
/* End PBXFileReference section */

/* Begin PBXFrameworksBuildPhase section */
		E1C067601FF8053400A51B0E /* Frameworks */ = {
			isa = PBXFrameworksBuildPhase;
			buildActionMask = 2147483647;
			files = (
				E1CE0A871FFADD6F00AACB45 /* SwiftMQTT.framework in Frameworks */,
			);
			runOnlyForDeploymentPostprocessing = 0;
		};
		E1C067741FF8053400A51B0E /* Frameworks */ = {
			isa = PBXFrameworksBuildPhase;
			buildActionMask = 2147483647;
			files = (
			);
			runOnlyForDeploymentPostprocessing = 0;
		};
/* End PBXFrameworksBuildPhase section */

/* Begin PBXGroup section */
		E1C0675A1FF8053400A51B0E = {
			isa = PBXGroup;
			children = (
				E1C067651FF8053400A51B0E /* jrIoT */,
				E1C0677A1FF8053400A51B0E /* jrIoTTests */,
				E1C067641FF8053400A51B0E /* Products */,
				E1C067971FF80C9000A51B0E /* Frameworks */,
			);
			sourceTree = "<group>";
		};
		E1C067641FF8053400A51B0E /* Products */ = {
			isa = PBXGroup;
			children = (
				E1C067631FF8053400A51B0E /* jrIoT.app */,
				E1C067771FF8053400A51B0E /* jrIoTTests.xctest */,
			);
			name = Products;
			sourceTree = "<group>";
		};
		E1C067651FF8053400A51B0E /* jrIoT */ = {
			isa = PBXGroup;
			children = (
				E1C067861FF807A200A51B0E /* Model */,
				E1C067661FF8053400A51B0E /* AppDelegate.swift */,
				E1C067681FF8053400A51B0E /* ViewController.swift */,
				E1C0676A1FF8053400A51B0E /* Main.storyboard */,
				E1C0676D1FF8053400A51B0E /* Assets.xcassets */,
				E1C0676F1FF8053400A51B0E /* LaunchScreen.storyboard */,
				E1C067721FF8053400A51B0E /* Info.plist */,
			);
			path = jrIoT;
			sourceTree = "<group>";
		};
		E1C0677A1FF8053400A51B0E /* jrIoTTests */ = {
			isa = PBXGroup;
			children = (
				E1646FF12012603C00E3E0D1 /* jrIoTitemManagerTests.swift */,
				E1C0677B1FF8053400A51B0E /* jrIoTTests.swift */,
				E1C0677D1FF8053400A51B0E /* Info.plist */,
			);
			path = jrIoTTests;
			sourceTree = "<group>";
		};
		E1C067861FF807A200A51B0E /* Model */ = {
			isa = PBXGroup;
			children = (
				E1C067871FF8080E00A51B0E /* JrIoTitem.swift */,
				E1646FF4201263BA00E3E0D1 /* JrIoTitemManager.swift */,
			);
			path = Model;
			sourceTree = "<group>";
		};
		E1C067971FF80C9000A51B0E /* Frameworks */ = {
			isa = PBXGroup;
			children = (
				E1CE0A7D1FFADCBA00AACB45 /* SwiftMQTT.xcodeproj */,
			);
			name = Frameworks;
			sourceTree = "<group>";
		};
		E1CE0A7E1FFADCBA00AACB45 /* Products */ = {
			isa = PBXGroup;
			children = (
				E1CE0A831FFADCBB00AACB45 /* SwiftMQTT.framework */,
				E1CE0A851FFADCBB00AACB45 /* SwiftMQTTTests.xctest */,
			);
			name = Products;
			sourceTree = "<group>";
		};
/* End PBXGroup section */

/* Begin PBXNativeTarget section */
		E1C067621FF8053400A51B0E /* jrIoT */ = {
			isa = PBXNativeTarget;
			buildConfigurationList = E1C067801FF8053400A51B0E /* Build configuration list for PBXNativeTarget "jrIoT" */;
			buildPhases = (
				E1C0675F1FF8053400A51B0E /* Sources */,
				E1C067601FF8053400A51B0E /* Frameworks */,
				E1C067611FF8053400A51B0E /* Resources */,
				E1CE0A8B1FFADD6F00AACB45 /* Embed Frameworks */,
			);
			buildRules = (
			);
			dependencies = (
				E1CE0A8A1FFADD6F00AACB45 /* PBXTargetDependency */,
			);
			name = jrIoT;
			productName = jrIoT;
			productReference = E1C067631FF8053400A51B0E /* jrIoT.app */;
			productType = "com.apple.product-type.application";
		};
		E1C067761FF8053400A51B0E /* jrIoTTests */ = {
			isa = PBXNativeTarget;
			buildConfigurationList = E1C067831FF8053400A51B0E /* Build configuration list for PBXNativeTarget "jrIoTTests" */;
			buildPhases = (
				E1C067731FF8053400A51B0E /* Sources */,
				E1C067741FF8053400A51B0E /* Frameworks */,
				E1C067751FF8053400A51B0E /* Resources */,
			);
			buildRules = (
			);
			dependencies = (
				E1C067791FF8053400A51B0E /* PBXTargetDependency */,
			);
			name = jrIoTTests;
			productName = jrIoTTests;
			productReference = E1C067771FF8053400A51B0E /* jrIoTTests.xctest */;
			productType = "com.apple.product-type.bundle.unit-test";
		};
/* End PBXNativeTarget section */

/* Begin PBXProject section */
		E1C0675B1FF8053400A51B0E /* Project object */ = {
			isa = PBXProject;
			attributes = {
				LastSwiftUpdateCheck = 0920;
				LastUpgradeCheck = 0920;
				ORGANIZATIONNAME = "jr-soft";
				TargetAttributes = {
					E1C067621FF8053400A51B0E = {
						CreatedOnToolsVersion = 9.2;
						ProvisioningStyle = Automatic;
					};
					E1C067761FF8053400A51B0E = {
						CreatedOnToolsVersion = 9.2;
						ProvisioningStyle = Automatic;
						TestTargetID = E1C067621FF8053400A51B0E;
					};
				};
			};
			buildConfigurationList = E1C0675E1FF8053400A51B0E /* Build configuration list for PBXProject "jrIoT" */;
			compatibilityVersion = "Xcode 8.0";
			developmentRegion = en;
			hasScannedForEncodings = 0;
			knownRegions = (
				en,
				Base,
			);
			mainGroup = E1C0675A1FF8053400A51B0E;
			productRefGroup = E1C067641FF8053400A51B0E /* Products */;
			projectDirPath = "";
			projectReferences = (
				{
					ProductGroup = E1CE0A7E1FFADCBA00AACB45 /* Products */;
					ProjectRef = E1CE0A7D1FFADCBA00AACB45 /* SwiftMQTT.xcodeproj */;
				},
			);
			projectRoot = "";
			targets = (
				E1C067621FF8053400A51B0E /* jrIoT */,
				E1C067761FF8053400A51B0E /* jrIoTTests */,
			);
		};
/* End PBXProject section */

/* Begin PBXReferenceProxy section */
		E1CE0A831FFADCBB00AACB45 /* SwiftMQTT.framework */ = {
			isa = PBXReferenceProxy;
			fileType = wrapper.framework;
			path = SwiftMQTT.framework;
			remoteRef = E1CE0A821FFADCBB00AACB45 /* PBXContainerItemProxy */;
			sourceTree = BUILT_PRODUCTS_DIR;
		};
		E1CE0A851FFADCBB00AACB45 /* SwiftMQTTTests.xctest */ = {
			isa = PBXReferenceProxy;
			fileType = wrapper.cfbundle;
			path = SwiftMQTTTests.xctest;
			remoteRef = E1CE0A841FFADCBB00AACB45 /* PBXContainerItemProxy */;
			sourceTree = BUILT_PRODUCTS_DIR;
		};
/* End PBXReferenceProxy section */

/* Begin PBXResourcesBuildPhase section */
		E1C067611FF8053400A51B0E /* Resources */ = {
			isa = PBXResourcesBuildPhase;
			buildActionMask = 2147483647;
			files = (
				E1C067711FF8053400A51B0E /* LaunchScreen.storyboard in Resources */,
				E1C0676E1FF8053400A51B0E /* Assets.xcassets in Resources */,
				E1C0676C1FF8053400A51B0E /* Main.storyboard in Resources */,
			);
			runOnlyForDeploymentPostprocessing = 0;
		};
		E1C067751FF8053400A51B0E /* Resources */ = {
			isa = PBXResourcesBuildPhase;
			buildActionMask = 2147483647;
			files = (
			);
			runOnlyForDeploymentPostprocessing = 0;
		};
/* End PBXResourcesBuildPhase section */

/* Begin PBXSourcesBuildPhase section */
		E1C0675F1FF8053400A51B0E /* Sources */ = {
			isa = PBXSourcesBuildPhase;
			buildActionMask = 2147483647;
			files = (
				E1C067691FF8053400A51B0E /* ViewController.swift in Sources */,
				E1C067881FF8080E00A51B0E /* JrIoTitem.swift in Sources */,
				E1C067671FF8053400A51B0E /* AppDelegate.swift in Sources */,
				E1646FF5201263BA00E3E0D1 /* JrIoTitemManager.swift in Sources */,
			);
			runOnlyForDeploymentPostprocessing = 0;
		};
		E1C067731FF8053400A51B0E /* Sources */ = {
			isa = PBXSourcesBuildPhase;
			buildActionMask = 2147483647;
			files = (
				E1C0677C1FF8053400A51B0E /* jrIoTTests.swift in Sources */,
				E1646FF22012603C00E3E0D1 /* jrIoTitemManagerTests.swift in Sources */,
			);
			runOnlyForDeploymentPostprocessing = 0;
		};
/* End PBXSourcesBuildPhase section */

/* Begin PBXTargetDependency section */
		E1C067791FF8053400A51B0E /* PBXTargetDependency */ = {
			isa = PBXTargetDependency;
			target = E1C067621FF8053400A51B0E /* jrIoT */;
			targetProxy = E1C067781FF8053400A51B0E /* PBXContainerItemProxy */;
		};
		E1CE0A8A1FFADD6F00AACB45 /* PBXTargetDependency */ = {
			isa = PBXTargetDependency;
			name = SwiftMQTT;
			targetProxy = E1CE0A891FFADD6F00AACB45 /* PBXContainerItemProxy */;
		};
/* End PBXTargetDependency section */

/* Begin PBXVariantGroup section */
		E1C0676A1FF8053400A51B0E /* Main.storyboard */ = {
			isa = PBXVariantGroup;
			children = (
				E1C0676B1FF8053400A51B0E /* Base */,
			);
			name = Main.storyboard;
			sourceTree = "<group>";
		};
		E1C0676F1FF8053400A51B0E /* LaunchScreen.storyboard */ = {
			isa = PBXVariantGroup;
			children = (
				E1C067701FF8053400A51B0E /* Base */,
			);
			name = LaunchScreen.storyboard;
			sourceTree = "<group>";
		};
/* End PBXVariantGroup section */

/* Begin XCBuildConfiguration section */
		E1C0677E1FF8053400A51B0E /* Debug */ = {
			isa = XCBuildConfiguration;
			buildSettings = {
				ALWAYS_SEARCH_USER_PATHS = NO;
				CLANG_ANALYZER_NONNULL = YES;
				CLANG_ANALYZER_NUMBER_OBJECT_CONVERSION = YES_AGGRESSIVE;
				CLANG_CXX_LANGUAGE_STANDARD = "gnu++14";
				CLANG_CXX_LIBRARY = "libc++";
				CLANG_ENABLE_MODULES = YES;
				CLANG_ENABLE_OBJC_ARC = YES;
				CLANG_WARN_BLOCK_CAPTURE_AUTORELEASING = YES;
				CLANG_WARN_BOOL_CONVERSION = YES;
				CLANG_WARN_COMMA = YES;
				CLANG_WARN_CONSTANT_CONVERSION = YES;
				CLANG_WARN_DIRECT_OBJC_ISA_USAGE = YES_ERROR;
				CLANG_WARN_DOCUMENTATION_COMMENTS = YES;
				CLANG_WARN_EMPTY_BODY = YES;
				CLANG_WARN_ENUM_CONVERSION = YES;
				CLANG_WARN_INFINITE_RECURSION = YES;
				CLANG_WARN_INT_CONVERSION = YES;
				CLANG_WARN_NON_LITERAL_NULL_CONVERSION = YES;
				CLANG_WARN_OBJC_LITERAL_CONVERSION = YES;
				CLANG_WARN_OBJC_ROOT_CLASS = YES_ERROR;
				CLANG_WARN_RANGE_LOOP_ANALYSIS = YES;
				CLANG_WARN_STRICT_PROTOTYPES = YES;
				CLANG_WARN_SUSPICIOUS_MOVE = YES;
				CLANG_WARN_UNGUARDED_AVAILABILITY = YES_AGGRESSIVE;
				CLANG_WARN_UNREACHABLE_CODE = YES;
				CLANG_WARN__DUPLICATE_METHOD_MATCH = YES;
				CODE_SIGN_IDENTITY = "iPhone Developer";
				COPY_PHASE_STRIP = NO;
				DEBUG_INFORMATION_FORMAT = dwarf;
				ENABLE_STRICT_OBJC_MSGSEND = YES;
				ENABLE_TESTABILITY = YES;
				GCC_C_LANGUAGE_STANDARD = gnu11;
				GCC_DYNAMIC_NO_PIC = NO;
				GCC_NO_COMMON_BLOCKS = YES;
				GCC_OPTIMIZATION_LEVEL = 0;
				GCC_PREPROCESSOR_DEFINITIONS = (
					"DEBUG=1",
					"$(inherited)",
				);
				GCC_WARN_64_TO_32_BIT_CONVERSION = YES;
				GCC_WARN_ABOUT_RETURN_TYPE = YES_ERROR;
				GCC_WARN_UNDECLARED_SELECTOR = YES;
				GCC_WARN_UNINITIALIZED_AUTOS = YES_AGGRESSIVE;
				GCC_WARN_UNUSED_FUNCTION = YES;
				GCC_WARN_UNUSED_VARIABLE = YES;
				IPHONEOS_DEPLOYMENT_TARGET = 11.2;
				MTL_ENABLE_DEBUG_INFO = YES;
				ONLY_ACTIVE_ARCH = YES;
				SDKROOT = iphoneos;
				SWIFT_ACTIVE_COMPILATION_CONDITIONS = DEBUG;
				SWIFT_OPTIMIZATION_LEVEL = "-Onone";
			};
			name = Debug;
		};
		E1C0677F1FF8053400A51B0E /* Release */ = {
			isa = XCBuildConfiguration;
			buildSettings = {
				ALWAYS_SEARCH_USER_PATHS = NO;
				CLANG_ANALYZER_NONNULL = YES;
				CLANG_ANALYZER_NUMBER_OBJECT_CONVERSION = YES_AGGRESSIVE;
				CLANG_CXX_LANGUAGE_STANDARD = "gnu++14";
				CLANG_CXX_LIBRARY = "libc++";
				CLANG_ENABLE_MODULES = YES;
				CLANG_ENABLE_OBJC_ARC = YES;
				CLANG_WARN_BLOCK_CAPTURE_AUTORELEASING = YES;
				CLANG_WARN_BOOL_CONVERSION = YES;
				CLANG_WARN_COMMA = YES;
				CLANG_WARN_CONSTANT_CONVERSION = YES;
				CLANG_WARN_DIRECT_OBJC_ISA_USAGE = YES_ERROR;
				CLANG_WARN_DOCUMENTATION_COMMENTS = YES;
				CLANG_WARN_EMPTY_BODY = YES;
				CLANG_WARN_ENUM_CONVERSION = YES;
				CLANG_WARN_INFINITE_RECURSION = YES;
				CLANG_WARN_INT_CONVERSION = YES;
				CLANG_WARN_NON_LITERAL_NULL_CONVERSION = YES;
				CLANG_WARN_OBJC_LITERAL_CONVERSION = YES;
				CLANG_WARN_OBJC_ROOT_CLASS = YES_ERROR;
				CLANG_WARN_RANGE_LOOP_ANALYSIS = YES;
				CLANG_WARN_STRICT_PROTOTYPES = YES;
				CLANG_WARN_SUSPICIOUS_MOVE = YES;
				CLANG_WARN_UNGUARDED_AVAILABILITY = YES_AGGRESSIVE;
				CLANG_WARN_UNREACHABLE_CODE = YES;
				CLANG_WARN__DUPLICATE_METHOD_MATCH = YES;
				CODE_SIGN_IDENTITY = "iPhone Developer";
				COPY_PHASE_STRIP = NO;
				DEBUG_INFORMATION_FORMAT = "dwarf-with-dsym";
				ENABLE_NS_ASSERTIONS = NO;
				ENABLE_STRICT_OBJC_MSGSEND = YES;
				GCC_C_LANGUAGE_STANDARD = gnu11;
				GCC_NO_COMMON_BLOCKS = YES;
				GCC_WARN_64_TO_32_BIT_CONVERSION = YES;
				GCC_WARN_ABOUT_RETURN_TYPE = YES_ERROR;
				GCC_WARN_UNDECLARED_SELECTOR = YES;
				GCC_WARN_UNINITIALIZED_AUTOS = YES_AGGRESSIVE;
				GCC_WARN_UNUSED_FUNCTION = YES;
				GCC_WARN_UNUSED_VARIABLE = YES;
				IPHONEOS_DEPLOYMENT_TARGET = 11.2;
				MTL_ENABLE_DEBUG_INFO = NO;
				SDKROOT = iphoneos;
				SWIFT_OPTIMIZATION_LEVEL = "-Owholemodule";
				VALIDATE_PRODUCT = YES;
			};
			name = Release;
		};
		E1C067811FF8053400A51B0E /* Debug */ = {
			isa = XCBuildConfiguration;
			buildSettings = {
				ALWAYS_EMBED_SWIFT_STANDARD_LIBRARIES = YES;
				ASSETCATALOG_COMPILER_APPICON_NAME = AppIcon;
				CODE_SIGN_STYLE = Automatic;
				DEVELOPMENT_TEAM = MXEMDN7USP;
				INFOPLIST_FILE = jrIoT/Info.plist;
				IPHONEOS_DEPLOYMENT_TARGET = 9.0;
				LD_RUNPATH_SEARCH_PATHS = "$(inherited) @executable_path/Frameworks";
				PRODUCT_BUNDLE_IDENTIFIER = at.jr1.jrIoT;
				PRODUCT_NAME = "$(TARGET_NAME)";
				SWIFT_VERSION = 4.0;
				TARGETED_DEVICE_FAMILY = "1,2";
			};
			name = Debug;
		};
		E1C067821FF8053400A51B0E /* Release */ = {
			isa = XCBuildConfiguration;
			buildSettings = {
				ALWAYS_EMBED_SWIFT_STANDARD_LIBRARIES = YES;
				ASSETCATALOG_COMPILER_APPICON_NAME = AppIcon;
				CODE_SIGN_STYLE = Automatic;
				DEVELOPMENT_TEAM = MXEMDN7USP;
				INFOPLIST_FILE = jrIoT/Info.plist;
				IPHONEOS_DEPLOYMENT_TARGET = 9.0;
				LD_RUNPATH_SEARCH_PATHS = "$(inherited) @executable_path/Frameworks";
				PRODUCT_BUNDLE_IDENTIFIER = at.jr1.jrIoT;
				PRODUCT_NAME = "$(TARGET_NAME)";
				SWIFT_VERSION = 4.0;
				TARGETED_DEVICE_FAMILY = "1,2";
			};
			name = Release;
		};
		E1C067841FF8053400A51B0E /* Debug */ = {
			isa = XCBuildConfiguration;
			buildSettings = {
				ALWAYS_EMBED_SWIFT_STANDARD_LIBRARIES = YES;
				BUNDLE_LOADER = "$(TEST_HOST)";
				CODE_SIGN_STYLE = Automatic;
				DEVELOPMENT_TEAM = MXEMDN7USP;
				INFOPLIST_FILE = jrIoTTests/Info.plist;
				LD_RUNPATH_SEARCH_PATHS = "$(inherited) @executable_path/Frameworks @loader_path/Frameworks";
				PRODUCT_BUNDLE_IDENTIFIER = at.jr1.jrIoTTests;
				PRODUCT_NAME = "$(TARGET_NAME)";
				SWIFT_VERSION = 4.0;
				TARGETED_DEVICE_FAMILY = "1,2";
				TEST_HOST = "$(BUILT_PRODUCTS_DIR)/jrIoT.app/jrIoT";
			};
			name = Debug;
		};
		E1C067851FF8053400A51B0E /* Release */ = {
			isa = XCBuildConfiguration;
			buildSettings = {
				ALWAYS_EMBED_SWIFT_STANDARD_LIBRARIES = YES;
				BUNDLE_LOADER = "$(TEST_HOST)";
				CODE_SIGN_STYLE = Automatic;
				DEVELOPMENT_TEAM = MXEMDN7USP;
				INFOPLIST_FILE = jrIoTTests/Info.plist;
				LD_RUNPATH_SEARCH_PATHS = "$(inherited) @executable_path/Frameworks @loader_path/Frameworks";
				PRODUCT_BUNDLE_IDENTIFIER = at.jr1.jrIoTTests;
				PRODUCT_NAME = "$(TARGET_NAME)";
				SWIFT_VERSION = 4.0;
				TARGETED_DEVICE_FAMILY = "1,2";
				TEST_HOST = "$(BUILT_PRODUCTS_DIR)/jrIoT.app/jrIoT";
			};
			name = Release;
		};
/* End XCBuildConfiguration section */

/* Begin XCConfigurationList section */
		E1C0675E1FF8053400A51B0E /* Build configuration list for PBXProject "jrIoT" */ = {
			isa = XCConfigurationList;
			buildConfigurations = (
				E1C0677E1FF8053400A51B0E /* Debug */,
				E1C0677F1FF8053400A51B0E /* Release */,
			);
			defaultConfigurationIsVisible = 0;
			defaultConfigurationName = Release;
		};
		E1C067801FF8053400A51B0E /* Build configuration list for PBXNativeTarget "jrIoT" */ = {
			isa = XCConfigurationList;
			buildConfigurations = (
				E1C067811FF8053400A51B0E /* Debug */,
				E1C067821FF8053400A51B0E /* Release */,
			);
			defaultConfigurationIsVisible = 0;
			defaultConfigurationName = Release;
		};
		E1C067831FF8053400A51B0E /* Build configuration list for PBXNativeTarget "jrIoTTests" */ = {
			isa = XCConfigurationList;
			buildConfigurations = (
				E1C067841FF8053400A51B0E /* Debug */,
				E1C067851FF8053400A51B0E /* Release */,
			);
			defaultConfigurationIsVisible = 0;
			defaultConfigurationName = Release;
		};
/* End XCConfigurationList section */
	};
	rootObject = E1C0675B1FF8053400A51B0E /* Project object */;
}
