// !$*UTF8*$!
{
	archiveVersion = 1;
	classes = {
	};
	objectVersion = 48;
	objects = {

/* Begin PBXBuildFile section */
		0549F673FE58979DA94281D1 /* Pods_jrIoTUITests.framework in Frameworks */ = {isa = PBXBuildFile; fileRef = 6273B0AF32E74DBBE4BDAAC2 /* Pods_jrIoTUITests.framework */; };
		991431589B379B936F49773E /* Pods_jrIoTTests.framework in Frameworks */ = {isa = PBXBuildFile; fileRef = AC26A39A87E76EAC2392C472 /* Pods_jrIoTTests.framework */; };
		CE984F83D1D1C1623BDC2C12 /* Pods_jrIoT.framework in Frameworks */ = {isa = PBXBuildFile; fileRef = D4606FFBFEA3F4B14755166F /* Pods_jrIoT.framework */; };
		E104CED31FEC4055002923AC /* IoTitemTest.swift in Sources */ = {isa = PBXBuildFile; fileRef = E104CED21FEC4055002923AC /* IoTitemTest.swift */; };
		E104CED51FEC4158002923AC /* IoTitem.swift in Sources */ = {isa = PBXBuildFile; fileRef = E104CED41FEC4158002923AC /* IoTitem.swift */; };
		E1246E731FED5BD9008463ED /* Podfile in Resources */ = {isa = PBXBuildFile; fileRef = E1246E721FED5BD9008463ED /* Podfile */; };
		E1A5A6D71FEC3B7000C67798 /* AppDelegate.swift in Sources */ = {isa = PBXBuildFile; fileRef = E1A5A6D61FEC3B7000C67798 /* AppDelegate.swift */; };
		E1A5A6D91FEC3B7000C67798 /* ViewController.swift in Sources */ = {isa = PBXBuildFile; fileRef = E1A5A6D81FEC3B7000C67798 /* ViewController.swift */; };
		E1A5A6DC1FEC3B7000C67798 /* Main.storyboard in Resources */ = {isa = PBXBuildFile; fileRef = E1A5A6DA1FEC3B7000C67798 /* Main.storyboard */; };
		E1A5A6DF1FEC3B7000C67798 /* jrIoT.xcdatamodeld in Sources */ = {isa = PBXBuildFile; fileRef = E1A5A6DD1FEC3B7000C67798 /* jrIoT.xcdatamodeld */; };
		E1A5A6E11FEC3B7000C67798 /* Assets.xcassets in Resources */ = {isa = PBXBuildFile; fileRef = E1A5A6E01FEC3B7000C67798 /* Assets.xcassets */; };
		E1A5A6E41FEC3B7000C67798 /* LaunchScreen.storyboard in Resources */ = {isa = PBXBuildFile; fileRef = E1A5A6E21FEC3B7000C67798 /* LaunchScreen.storyboard */; };
		E1A5A6FA1FEC3B7000C67798 /* jrIoTUITests.swift in Sources */ = {isa = PBXBuildFile; fileRef = E1A5A6F91FEC3B7000C67798 /* jrIoTUITests.swift */; };
/* End PBXBuildFile section */

/* Begin PBXContainerItemProxy section */
		E1A5A6EB1FEC3B7000C67798 /* PBXContainerItemProxy */ = {
			isa = PBXContainerItemProxy;
			containerPortal = E1A5A6CB1FEC3B7000C67798 /* Project object */;
			proxyType = 1;
			remoteGlobalIDString = E1A5A6D21FEC3B7000C67798;
			remoteInfo = jrIoT;
		};
		E1A5A6F61FEC3B7000C67798 /* PBXContainerItemProxy */ = {
			isa = PBXContainerItemProxy;
			containerPortal = E1A5A6CB1FEC3B7000C67798 /* Project object */;
			proxyType = 1;
			remoteGlobalIDString = E1A5A6D21FEC3B7000C67798;
			remoteInfo = jrIoT;
		};
/* End PBXContainerItemProxy section */

/* Begin PBXFileReference section */
		6273B0AF32E74DBBE4BDAAC2 /* Pods_jrIoTUITests.framework */ = {isa = PBXFileReference; explicitFileType = wrapper.framework; includeInIndex = 0; path = Pods_jrIoTUITests.framework; sourceTree = BUILT_PRODUCTS_DIR; };
		705C2E4C440AD29F5B3ECFEC /* Pods-jrIoT.debug.xcconfig */ = {isa = PBXFileReference; includeInIndex = 1; lastKnownFileType = text.xcconfig; name = "Pods-jrIoT.debug.xcconfig"; path = "Pods/Target Support Files/Pods-jrIoT/Pods-jrIoT.debug.xcconfig"; sourceTree = "<group>"; };
		729F9EF69DB67EB731083CD3 /* Pods-jrIoT.release.xcconfig */ = {isa = PBXFileReference; includeInIndex = 1; lastKnownFileType = text.xcconfig; name = "Pods-jrIoT.release.xcconfig"; path = "Pods/Target Support Files/Pods-jrIoT/Pods-jrIoT.release.xcconfig"; sourceTree = "<group>"; };
		7470895D63BF31BA27F334A7 /* Pods-jrIoTTests.release.xcconfig */ = {isa = PBXFileReference; includeInIndex = 1; lastKnownFileType = text.xcconfig; name = "Pods-jrIoTTests.release.xcconfig"; path = "Pods/Target Support Files/Pods-jrIoTTests/Pods-jrIoTTests.release.xcconfig"; sourceTree = "<group>"; };
		82E38936EADAEE7177546421 /* Pods-jrIoTUITests.debug.xcconfig */ = {isa = PBXFileReference; includeInIndex = 1; lastKnownFileType = text.xcconfig; name = "Pods-jrIoTUITests.debug.xcconfig"; path = "Pods/Target Support Files/Pods-jrIoTUITests/Pods-jrIoTUITests.debug.xcconfig"; sourceTree = "<group>"; };
		AC26A39A87E76EAC2392C472 /* Pods_jrIoTTests.framework */ = {isa = PBXFileReference; explicitFileType = wrapper.framework; includeInIndex = 0; path = Pods_jrIoTTests.framework; sourceTree = BUILT_PRODUCTS_DIR; };
		D4606FFBFEA3F4B14755166F /* Pods_jrIoT.framework */ = {isa = PBXFileReference; explicitFileType = wrapper.framework; includeInIndex = 0; path = Pods_jrIoT.framework; sourceTree = BUILT_PRODUCTS_DIR; };
		DE16E934EDB9D4DD12B0C8FA /* Pods-jrIoTTests.debug.xcconfig */ = {isa = PBXFileReference; includeInIndex = 1; lastKnownFileType = text.xcconfig; name = "Pods-jrIoTTests.debug.xcconfig"; path = "Pods/Target Support Files/Pods-jrIoTTests/Pods-jrIoTTests.debug.xcconfig"; sourceTree = "<group>"; };
		E104CED21FEC4055002923AC /* IoTitemTest.swift */ = {isa = PBXFileReference; lastKnownFileType = sourcecode.swift; name = IoTitemTest.swift; path = Model/IoTitemTest.swift; sourceTree = "<group>"; };
		E104CED41FEC4158002923AC /* IoTitem.swift */ = {isa = PBXFileReference; lastKnownFileType = sourcecode.swift; name = IoTitem.swift; path = Model/IoTitem.swift; sourceTree = "<group>"; };
		E1246E721FED5BD9008463ED /* Podfile */ = {isa = PBXFileReference; fileEncoding = 4; lastKnownFileType = text; path = Podfile; sourceTree = "<group>"; xcLanguageSpecificationIdentifier = xcode.lang.ruby; };
		E1A5A6D31FEC3B7000C67798 /* jrIoT.app */ = {isa = PBXFileReference; explicitFileType = wrapper.application; includeInIndex = 0; path = jrIoT.app; sourceTree = BUILT_PRODUCTS_DIR; };
		E1A5A6D61FEC3B7000C67798 /* AppDelegate.swift */ = {isa = PBXFileReference; lastKnownFileType = sourcecode.swift; path = AppDelegate.swift; sourceTree = "<group>"; };
		E1A5A6D81FEC3B7000C67798 /* ViewController.swift */ = {isa = PBXFileReference; lastKnownFileType = sourcecode.swift; path = ViewController.swift; sourceTree = "<group>"; };
		E1A5A6DB1FEC3B7000C67798 /* Base */ = {isa = PBXFileReference; lastKnownFileType = file.storyboard; name = Base; path = Base.lproj/Main.storyboard; sourceTree = "<group>"; };
		E1A5A6DE1FEC3B7000C67798 /* jrIoT.xcdatamodel */ = {isa = PBXFileReference; lastKnownFileType = wrapper.xcdatamodel; path = jrIoT.xcdatamodel; sourceTree = "<group>"; };
		E1A5A6E01FEC3B7000C67798 /* Assets.xcassets */ = {isa = PBXFileReference; lastKnownFileType = folder.assetcatalog; path = Assets.xcassets; sourceTree = "<group>"; };
		E1A5A6E31FEC3B7000C67798 /* Base */ = {isa = PBXFileReference; lastKnownFileType = file.storyboard; name = Base; path = Base.lproj/LaunchScreen.storyboard; sourceTree = "<group>"; };
		E1A5A6E51FEC3B7000C67798 /* Info.plist */ = {isa = PBXFileReference; lastKnownFileType = text.plist.xml; path = Info.plist; sourceTree = "<group>"; };
		E1A5A6EA1FEC3B7000C67798 /* jrIoTTests.xctest */ = {isa = PBXFileReference; explicitFileType = wrapper.cfbundle; includeInIndex = 0; path = jrIoTTests.xctest; sourceTree = BUILT_PRODUCTS_DIR; };
		E1A5A6F01FEC3B7000C67798 /* Info.plist */ = {isa = PBXFileReference; lastKnownFileType = text.plist.xml; path = Info.plist; sourceTree = "<group>"; };
		E1A5A6F51FEC3B7000C67798 /* jrIoTUITests.xctest */ = {isa = PBXFileReference; explicitFileType = wrapper.cfbundle; includeInIndex = 0; path = jrIoTUITests.xctest; sourceTree = BUILT_PRODUCTS_DIR; };
		E1A5A6F91FEC3B7000C67798 /* jrIoTUITests.swift */ = {isa = PBXFileReference; lastKnownFileType = sourcecode.swift; path = jrIoTUITests.swift; sourceTree = "<group>"; };
		E1A5A6FB1FEC3B7000C67798 /* Info.plist */ = {isa = PBXFileReference; lastKnownFileType = text.plist.xml; path = Info.plist; sourceTree = "<group>"; };
		FC069356A4C938CE5A225BA7 /* Pods-jrIoTUITests.release.xcconfig */ = {isa = PBXFileReference; includeInIndex = 1; lastKnownFileType = text.xcconfig; name = "Pods-jrIoTUITests.release.xcconfig"; path = "Pods/Target Support Files/Pods-jrIoTUITests/Pods-jrIoTUITests.release.xcconfig"; sourceTree = "<group>"; };
/* End PBXFileReference section */

/* Begin PBXFrameworksBuildPhase section */
		E1A5A6D01FEC3B7000C67798 /* Frameworks */ = {
			isa = PBXFrameworksBuildPhase;
			buildActionMask = 2147483647;
			files = (
				CE984F83D1D1C1623BDC2C12 /* Pods_jrIoT.framework in Frameworks */,
			);
			runOnlyForDeploymentPostprocessing = 0;
		};
		E1A5A6E71FEC3B7000C67798 /* Frameworks */ = {
			isa = PBXFrameworksBuildPhase;
			buildActionMask = 2147483647;
			files = (
				991431589B379B936F49773E /* Pods_jrIoTTests.framework in Frameworks */,
			);
			runOnlyForDeploymentPostprocessing = 0;
		};
		E1A5A6F21FEC3B7000C67798 /* Frameworks */ = {
			isa = PBXFrameworksBuildPhase;
			buildActionMask = 2147483647;
			files = (
				0549F673FE58979DA94281D1 /* Pods_jrIoTUITests.framework in Frameworks */,
			);
			runOnlyForDeploymentPostprocessing = 0;
		};
/* End PBXFrameworksBuildPhase section */

/* Begin PBXGroup section */
		44F4755D10E539E1C1DA9816 /* Pods */ = {
			isa = PBXGroup;
			children = (
				705C2E4C440AD29F5B3ECFEC /* Pods-jrIoT.debug.xcconfig */,
				729F9EF69DB67EB731083CD3 /* Pods-jrIoT.release.xcconfig */,
				DE16E934EDB9D4DD12B0C8FA /* Pods-jrIoTTests.debug.xcconfig */,
				7470895D63BF31BA27F334A7 /* Pods-jrIoTTests.release.xcconfig */,
				82E38936EADAEE7177546421 /* Pods-jrIoTUITests.debug.xcconfig */,
				FC069356A4C938CE5A225BA7 /* Pods-jrIoTUITests.release.xcconfig */,
			);
			name = Pods;
			sourceTree = "<group>";
		};
		7F0C4FE091C825A26AAB3295 /* Frameworks */ = {
			isa = PBXGroup;
			children = (
				D4606FFBFEA3F4B14755166F /* Pods_jrIoT.framework */,
				AC26A39A87E76EAC2392C472 /* Pods_jrIoTTests.framework */,
				6273B0AF32E74DBBE4BDAAC2 /* Pods_jrIoTUITests.framework */,
			);
			name = Frameworks;
			sourceTree = "<group>";
		};
		E1A5A6CA1FEC3B7000C67798 = {
			isa = PBXGroup;
			children = (
				E1A5A6D51FEC3B7000C67798 /* jrIoT */,
				E1A5A6ED1FEC3B7000C67798 /* jrIoTTests */,
				E1A5A6F81FEC3B7000C67798 /* jrIoTUITests */,
				E1A5A6D41FEC3B7000C67798 /* Products */,
				E1246E721FED5BD9008463ED /* Podfile */,
				44F4755D10E539E1C1DA9816 /* Pods */,
				7F0C4FE091C825A26AAB3295 /* Frameworks */,
			);
			sourceTree = "<group>";
		};
		E1A5A6D41FEC3B7000C67798 /* Products */ = {
			isa = PBXGroup;
			children = (
				E1A5A6D31FEC3B7000C67798 /* jrIoT.app */,
				E1A5A6EA1FEC3B7000C67798 /* jrIoTTests.xctest */,
				E1A5A6F51FEC3B7000C67798 /* jrIoTUITests.xctest */,
			);
			name = Products;
			sourceTree = "<group>";
		};
		E1A5A6D51FEC3B7000C67798 /* jrIoT */ = {
			isa = PBXGroup;
			children = (
				E1A5A6D61FEC3B7000C67798 /* AppDelegate.swift */,
				E1A5A6D81FEC3B7000C67798 /* ViewController.swift */,
				E1A5A6DA1FEC3B7000C67798 /* Main.storyboard */,
				E1A5A6E01FEC3B7000C67798 /* Assets.xcassets */,
				E1A5A6E21FEC3B7000C67798 /* LaunchScreen.storyboard */,
				E1A5A6E51FEC3B7000C67798 /* Info.plist */,
				E1A5A6DD1FEC3B7000C67798 /* jrIoT.xcdatamodeld */,
				E104CED41FEC4158002923AC /* IoTitem.swift */,
			);
			path = jrIoT;
			sourceTree = "<group>";
		};
		E1A5A6ED1FEC3B7000C67798 /* jrIoTTests */ = {
			isa = PBXGroup;
			children = (
				E1A5A6F01FEC3B7000C67798 /* Info.plist */,
				E104CED21FEC4055002923AC /* IoTitemTest.swift */,
			);
			path = jrIoTTests;
			sourceTree = "<group>";
		};
		E1A5A6F81FEC3B7000C67798 /* jrIoTUITests */ = {
			isa = PBXGroup;
			children = (
				E1A5A6F91FEC3B7000C67798 /* jrIoTUITests.swift */,
				E1A5A6FB1FEC3B7000C67798 /* Info.plist */,
			);
			path = jrIoTUITests;
			sourceTree = "<group>";
		};
/* End PBXGroup section */

/* Begin PBXNativeTarget section */
		E1A5A6D21FEC3B7000C67798 /* jrIoT */ = {
			isa = PBXNativeTarget;
			buildConfigurationList = E1A5A6FE1FEC3B7000C67798 /* Build configuration list for PBXNativeTarget "jrIoT" */;
			buildPhases = (
				6DC67E1144C6B60AB406A803 /* [CP] Check Pods Manifest.lock */,
				E1A5A6CF1FEC3B7000C67798 /* Sources */,
				E1A5A6D01FEC3B7000C67798 /* Frameworks */,
				E1A5A6D11FEC3B7000C67798 /* Resources */,
				139F8F33671A21CBB186A69B /* [CP] Embed Pods Frameworks */,
				9F65C79C71F2A4498ABAF4C2 /* [CP] Copy Pods Resources */,
			);
			buildRules = (
			);
			dependencies = (
			);
			name = jrIoT;
			productName = jrIoT;
			productReference = E1A5A6D31FEC3B7000C67798 /* jrIoT.app */;
			productType = "com.apple.product-type.application";
		};
		E1A5A6E91FEC3B7000C67798 /* jrIoTTests */ = {
			isa = PBXNativeTarget;
			buildConfigurationList = E1A5A7011FEC3B7000C67798 /* Build configuration list for PBXNativeTarget "jrIoTTests" */;
			buildPhases = (
				3B751A42A326A720561D773E /* [CP] Check Pods Manifest.lock */,
				E1A5A6E61FEC3B7000C67798 /* Sources */,
				E1A5A6E71FEC3B7000C67798 /* Frameworks */,
				E1A5A6E81FEC3B7000C67798 /* Resources */,
				1949DAD19C84259224B78895 /* [CP] Embed Pods Frameworks */,
				45EA2308D3F61A34B35358B3 /* [CP] Copy Pods Resources */,
			);
			buildRules = (
			);
			dependencies = (
				E1A5A6EC1FEC3B7000C67798 /* PBXTargetDependency */,
			);
			name = jrIoTTests;
			productName = jrIoTTests;
			productReference = E1A5A6EA1FEC3B7000C67798 /* jrIoTTests.xctest */;
			productType = "com.apple.product-type.bundle.unit-test";
		};
		E1A5A6F41FEC3B7000C67798 /* jrIoTUITests */ = {
			isa = PBXNativeTarget;
			buildConfigurationList = E1A5A7041FEC3B7000C67798 /* Build configuration list for PBXNativeTarget "jrIoTUITests" */;
			buildPhases = (
				BB0E54CC5A7E7B1E7CF624B2 /* [CP] Check Pods Manifest.lock */,
				E1A5A6F11FEC3B7000C67798 /* Sources */,
				E1A5A6F21FEC3B7000C67798 /* Frameworks */,
				E1A5A6F31FEC3B7000C67798 /* Resources */,
				B23EF5C9C6F6A1B76F3F0B5B /* [CP] Embed Pods Frameworks */,
				AE5D4F961A8F7049872D91B0 /* [CP] Copy Pods Resources */,
			);
			buildRules = (
			);
			dependencies = (
				E1A5A6F71FEC3B7000C67798 /* PBXTargetDependency */,
			);
			name = jrIoTUITests;
			productName = jrIoTUITests;
			productReference = E1A5A6F51FEC3B7000C67798 /* jrIoTUITests.xctest */;
			productType = "com.apple.product-type.bundle.ui-testing";
		};
/* End PBXNativeTarget section */

/* Begin PBXProject section */
		E1A5A6CB1FEC3B7000C67798 /* Project object */ = {
			isa = PBXProject;
			attributes = {
				LastSwiftUpdateCheck = 0920;
				LastUpgradeCheck = 0920;
				ORGANIZATIONNAME = "jr-soft";
				TargetAttributes = {
					E1A5A6D21FEC3B7000C67798 = {
						CreatedOnToolsVersion = 9.2;
						ProvisioningStyle = Automatic;
					};
					E1A5A6E91FEC3B7000C67798 = {
						CreatedOnToolsVersion = 9.2;
						ProvisioningStyle = Automatic;
						TestTargetID = E1A5A6D21FEC3B7000C67798;
					};
					E1A5A6F41FEC3B7000C67798 = {
						CreatedOnToolsVersion = 9.2;
						ProvisioningStyle = Automatic;
						TestTargetID = E1A5A6D21FEC3B7000C67798;
					};
				};
			};
			buildConfigurationList = E1A5A6CE1FEC3B7000C67798 /* Build configuration list for PBXProject "jrIoT" */;
			compatibilityVersion = "Xcode 8.0";
			developmentRegion = en;
			hasScannedForEncodings = 0;
			knownRegions = (
				en,
				Base,
			);
			mainGroup = E1A5A6CA1FEC3B7000C67798;
			productRefGroup = E1A5A6D41FEC3B7000C67798 /* Products */;
			projectDirPath = "";
			projectRoot = "";
			targets = (
				E1A5A6D21FEC3B7000C67798 /* jrIoT */,
				E1A5A6E91FEC3B7000C67798 /* jrIoTTests */,
				E1A5A6F41FEC3B7000C67798 /* jrIoTUITests */,
			);
		};
/* End PBXProject section */

/* Begin PBXResourcesBuildPhase section */
		E1A5A6D11FEC3B7000C67798 /* Resources */ = {
			isa = PBXResourcesBuildPhase;
			buildActionMask = 2147483647;
			files = (
				E1A5A6E41FEC3B7000C67798 /* LaunchScreen.storyboard in Resources */,
				E1A5A6E11FEC3B7000C67798 /* Assets.xcassets in Resources */,
				E1246E731FED5BD9008463ED /* Podfile in Resources */,
				E1A5A6DC1FEC3B7000C67798 /* Main.storyboard in Resources */,
			);
			runOnlyForDeploymentPostprocessing = 0;
		};
		E1A5A6E81FEC3B7000C67798 /* Resources */ = {
			isa = PBXResourcesBuildPhase;
			buildActionMask = 2147483647;
			files = (
			);
			runOnlyForDeploymentPostprocessing = 0;
		};
		E1A5A6F31FEC3B7000C67798 /* Resources */ = {
			isa = PBXResourcesBuildPhase;
			buildActionMask = 2147483647;
			files = (
			);
			runOnlyForDeploymentPostprocessing = 0;
		};
/* End PBXResourcesBuildPhase section */

/* Begin PBXShellScriptBuildPhase section */
		139F8F33671A21CBB186A69B /* [CP] Embed Pods Frameworks */ = {
			isa = PBXShellScriptBuildPhase;
			buildActionMask = 2147483647;
			files = (
			);
			inputPaths = (
				"${SRCROOT}/Pods/Target Support Files/Pods-jrIoT/Pods-jrIoT-frameworks.sh",
				"${BUILT_PRODUCTS_DIR}/SwiftMQTT/SwiftMQTT.framework",
			);
			name = "[CP] Embed Pods Frameworks";
			outputPaths = (
				"${TARGET_BUILD_DIR}/${FRAMEWORKS_FOLDER_PATH}/SwiftMQTT.framework",
			);
			runOnlyForDeploymentPostprocessing = 0;
			shellPath = /bin/sh;
			shellScript = "\"${SRCROOT}/Pods/Target Support Files/Pods-jrIoT/Pods-jrIoT-frameworks.sh\"\n";
			showEnvVarsInLog = 0;
		};
		1949DAD19C84259224B78895 /* [CP] Embed Pods Frameworks */ = {
			isa = PBXShellScriptBuildPhase;
			buildActionMask = 2147483647;
			files = (
			);
			inputPaths = (
			);
			name = "[CP] Embed Pods Frameworks";
			outputPaths = (
			);
			runOnlyForDeploymentPostprocessing = 0;
			shellPath = /bin/sh;
			shellScript = "\"${SRCROOT}/Pods/Target Support Files/Pods-jrIoTTests/Pods-jrIoTTests-frameworks.sh\"\n";
			showEnvVarsInLog = 0;
		};
		3B751A42A326A720561D773E /* [CP] Check Pods Manifest.lock */ = {
			isa = PBXShellScriptBuildPhase;
			buildActionMask = 2147483647;
			files = (
			);
			inputPaths = (
				"${PODS_PODFILE_DIR_PATH}/Podfile.lock",
				"${PODS_ROOT}/Manifest.lock",
			);
			name = "[CP] Check Pods Manifest.lock";
			outputPaths = (
				"$(DERIVED_FILE_DIR)/Pods-jrIoTTests-checkManifestLockResult.txt",
			);
			runOnlyForDeploymentPostprocessing = 0;
			shellPath = /bin/sh;
			shellScript = "diff \"${PODS_PODFILE_DIR_PATH}/Podfile.lock\" \"${PODS_ROOT}/Manifest.lock\" > /dev/null\nif [ $? != 0 ] ; then\n    # print error to STDERR\n    echo \"error: The sandbox is not in sync with the Podfile.lock. Run 'pod install' or update your CocoaPods installation.\" >&2\n    exit 1\nfi\n# This output is used by Xcode 'outputs' to avoid re-running this script phase.\necho \"SUCCESS\" > \"${SCRIPT_OUTPUT_FILE_0}\"\n";
			showEnvVarsInLog = 0;
		};
		45EA2308D3F61A34B35358B3 /* [CP] Copy Pods Resources */ = {
			isa = PBXShellScriptBuildPhase;
			buildActionMask = 2147483647;
			files = (
			);
			inputPaths = (
			);
			name = "[CP] Copy Pods Resources";
			outputPaths = (
			);
			runOnlyForDeploymentPostprocessing = 0;
			shellPath = /bin/sh;
			shellScript = "\"${SRCROOT}/Pods/Target Support Files/Pods-jrIoTTests/Pods-jrIoTTests-resources.sh\"\n";
			showEnvVarsInLog = 0;
		};
		6DC67E1144C6B60AB406A803 /* [CP] Check Pods Manifest.lock */ = {
			isa = PBXShellScriptBuildPhase;
			buildActionMask = 2147483647;
			files = (
			);
			inputPaths = (
				"${PODS_PODFILE_DIR_PATH}/Podfile.lock",
				"${PODS_ROOT}/Manifest.lock",
			);
			name = "[CP] Check Pods Manifest.lock";
			outputPaths = (
				"$(DERIVED_FILE_DIR)/Pods-jrIoT-checkManifestLockResult.txt",
			);
			runOnlyForDeploymentPostprocessing = 0;
			shellPath = /bin/sh;
			shellScript = "diff \"${PODS_PODFILE_DIR_PATH}/Podfile.lock\" \"${PODS_ROOT}/Manifest.lock\" > /dev/null\nif [ $? != 0 ] ; then\n    # print error to STDERR\n    echo \"error: The sandbox is not in sync with the Podfile.lock. Run 'pod install' or update your CocoaPods installation.\" >&2\n    exit 1\nfi\n# This output is used by Xcode 'outputs' to avoid re-running this script phase.\necho \"SUCCESS\" > \"${SCRIPT_OUTPUT_FILE_0}\"\n";
			showEnvVarsInLog = 0;
		};
		9F65C79C71F2A4498ABAF4C2 /* [CP] Copy Pods Resources */ = {
			isa = PBXShellScriptBuildPhase;
			buildActionMask = 2147483647;
			files = (
			);
			inputPaths = (
			);
			name = "[CP] Copy Pods Resources";
			outputPaths = (
			);
			runOnlyForDeploymentPostprocessing = 0;
			shellPath = /bin/sh;
			shellScript = "\"${SRCROOT}/Pods/Target Support Files/Pods-jrIoT/Pods-jrIoT-resources.sh\"\n";
			showEnvVarsInLog = 0;
		};
		AE5D4F961A8F7049872D91B0 /* [CP] Copy Pods Resources */ = {
			isa = PBXShellScriptBuildPhase;
			buildActionMask = 2147483647;
			files = (
			);
			inputPaths = (
			);
			name = "[CP] Copy Pods Resources";
			outputPaths = (
			);
			runOnlyForDeploymentPostprocessing = 0;
			shellPath = /bin/sh;
			shellScript = "\"${SRCROOT}/Pods/Target Support Files/Pods-jrIoTUITests/Pods-jrIoTUITests-resources.sh\"\n";
			showEnvVarsInLog = 0;
		};
		B23EF5C9C6F6A1B76F3F0B5B /* [CP] Embed Pods Frameworks */ = {
			isa = PBXShellScriptBuildPhase;
			buildActionMask = 2147483647;
			files = (
			);
			inputPaths = (
			);
			name = "[CP] Embed Pods Frameworks";
			outputPaths = (
			);
			runOnlyForDeploymentPostprocessing = 0;
			shellPath = /bin/sh;
			shellScript = "\"${SRCROOT}/Pods/Target Support Files/Pods-jrIoTUITests/Pods-jrIoTUITests-frameworks.sh\"\n";
			showEnvVarsInLog = 0;
		};
		BB0E54CC5A7E7B1E7CF624B2 /* [CP] Check Pods Manifest.lock */ = {
			isa = PBXShellScriptBuildPhase;
			buildActionMask = 2147483647;
			files = (
			);
			inputPaths = (
				"${PODS_PODFILE_DIR_PATH}/Podfile.lock",
				"${PODS_ROOT}/Manifest.lock",
			);
			name = "[CP] Check Pods Manifest.lock";
			outputPaths = (
				"$(DERIVED_FILE_DIR)/Pods-jrIoTUITests-checkManifestLockResult.txt",
			);
			runOnlyForDeploymentPostprocessing = 0;
			shellPath = /bin/sh;
			shellScript = "diff \"${PODS_PODFILE_DIR_PATH}/Podfile.lock\" \"${PODS_ROOT}/Manifest.lock\" > /dev/null\nif [ $? != 0 ] ; then\n    # print error to STDERR\n    echo \"error: The sandbox is not in sync with the Podfile.lock. Run 'pod install' or update your CocoaPods installation.\" >&2\n    exit 1\nfi\n# This output is used by Xcode 'outputs' to avoid re-running this script phase.\necho \"SUCCESS\" > \"${SCRIPT_OUTPUT_FILE_0}\"\n";
			showEnvVarsInLog = 0;
		};
/* End PBXShellScriptBuildPhase section */

/* Begin PBXSourcesBuildPhase section */
		E1A5A6CF1FEC3B7000C67798 /* Sources */ = {
			isa = PBXSourcesBuildPhase;
			buildActionMask = 2147483647;
			files = (
				E1A5A6D91FEC3B7000C67798 /* ViewController.swift in Sources */,
				E1A5A6D71FEC3B7000C67798 /* AppDelegate.swift in Sources */,
				E1A5A6DF1FEC3B7000C67798 /* jrIoT.xcdatamodeld in Sources */,
				E104CED51FEC4158002923AC /* IoTitem.swift in Sources */,
			);
			runOnlyForDeploymentPostprocessing = 0;
		};
		E1A5A6E61FEC3B7000C67798 /* Sources */ = {
			isa = PBXSourcesBuildPhase;
			buildActionMask = 2147483647;
			files = (
				E104CED31FEC4055002923AC /* IoTitemTest.swift in Sources */,
			);
			runOnlyForDeploymentPostprocessing = 0;
		};
		E1A5A6F11FEC3B7000C67798 /* Sources */ = {
			isa = PBXSourcesBuildPhase;
			buildActionMask = 2147483647;
			files = (
				E1A5A6FA1FEC3B7000C67798 /* jrIoTUITests.swift in Sources */,
			);
			runOnlyForDeploymentPostprocessing = 0;
		};
/* End PBXSourcesBuildPhase section */

/* Begin PBXTargetDependency section */
		E1A5A6EC1FEC3B7000C67798 /* PBXTargetDependency */ = {
			isa = PBXTargetDependency;
			target = E1A5A6D21FEC3B7000C67798 /* jrIoT */;
			targetProxy = E1A5A6EB1FEC3B7000C67798 /* PBXContainerItemProxy */;
		};
		E1A5A6F71FEC3B7000C67798 /* PBXTargetDependency */ = {
			isa = PBXTargetDependency;
			target = E1A5A6D21FEC3B7000C67798 /* jrIoT */;
			targetProxy = E1A5A6F61FEC3B7000C67798 /* PBXContainerItemProxy */;
		};
/* End PBXTargetDependency section */

/* Begin PBXVariantGroup section */
		E1A5A6DA1FEC3B7000C67798 /* Main.storyboard */ = {
			isa = PBXVariantGroup;
			children = (
				E1A5A6DB1FEC3B7000C67798 /* Base */,
			);
			name = Main.storyboard;
			sourceTree = "<group>";
		};
		E1A5A6E21FEC3B7000C67798 /* LaunchScreen.storyboard */ = {
			isa = PBXVariantGroup;
			children = (
				E1A5A6E31FEC3B7000C67798 /* Base */,
			);
			name = LaunchScreen.storyboard;
			sourceTree = "<group>";
		};
/* End PBXVariantGroup section */

/* Begin XCBuildConfiguration section */
		E1A5A6FC1FEC3B7000C67798 /* Debug */ = {
			isa = XCBuildConfiguration;
			buildSettings = {
				ALWAYS_SEARCH_USER_PATHS = NO;
				CLANG_ANALYZER_NONNULL = YES;
				CLANG_ANALYZER_NUMBER_OBJECT_CONVERSION = YES_AGGRESSIVE;
				CLANG_CXX_LANGUAGE_STANDARD = "gnu++14";
				CLANG_CXX_LIBRARY = "libc++";
				CLANG_ENABLE_MODULES = YES;
				CLANG_ENABLE_OBJC_ARC = YES;
				CLANG_WARN_BLOCK_CAPTURE_AUTORELEASING = YES;
				CLANG_WARN_BOOL_CONVERSION = YES;
				CLANG_WARN_COMMA = YES;
				CLANG_WARN_CONSTANT_CONVERSION = YES;
				CLANG_WARN_DIRECT_OBJC_ISA_USAGE = YES_ERROR;
				CLANG_WARN_DOCUMENTATION_COMMENTS = YES;
				CLANG_WARN_EMPTY_BODY = YES;
				CLANG_WARN_ENUM_CONVERSION = YES;
				CLANG_WARN_INFINITE_RECURSION = YES;
				CLANG_WARN_INT_CONVERSION = YES;
				CLANG_WARN_NON_LITERAL_NULL_CONVERSION = YES;
				CLANG_WARN_OBJC_LITERAL_CONVERSION = YES;
				CLANG_WARN_OBJC_ROOT_CLASS = YES_ERROR;
				CLANG_WARN_RANGE_LOOP_ANALYSIS = YES;
				CLANG_WARN_STRICT_PROTOTYPES = YES;
				CLANG_WARN_SUSPICIOUS_MOVE = YES;
				CLANG_WARN_UNGUARDED_AVAILABILITY = YES_AGGRESSIVE;
				CLANG_WARN_UNREACHABLE_CODE = YES;
				CLANG_WARN__DUPLICATE_METHOD_MATCH = YES;
				CODE_SIGN_IDENTITY = "iPhone Developer";
				COPY_PHASE_STRIP = NO;
				DEBUG_INFORMATION_FORMAT = dwarf;
				ENABLE_STRICT_OBJC_MSGSEND = YES;
				ENABLE_TESTABILITY = YES;
				GCC_C_LANGUAGE_STANDARD = gnu11;
				GCC_DYNAMIC_NO_PIC = NO;
				GCC_NO_COMMON_BLOCKS = YES;
				GCC_OPTIMIZATION_LEVEL = 0;
				GCC_PREPROCESSOR_DEFINITIONS = (
					"DEBUG=1",
					"$(inherited)",
				);
				GCC_WARN_64_TO_32_BIT_CONVERSION = YES;
				GCC_WARN_ABOUT_RETURN_TYPE = YES_ERROR;
				GCC_WARN_UNDECLARED_SELECTOR = YES;
				GCC_WARN_UNINITIALIZED_AUTOS = YES_AGGRESSIVE;
				GCC_WARN_UNUSED_FUNCTION = YES;
				GCC_WARN_UNUSED_VARIABLE = YES;
				IPHONEOS_DEPLOYMENT_TARGET = 11.2;
				MTL_ENABLE_DEBUG_INFO = YES;
				ONLY_ACTIVE_ARCH = YES;
				SDKROOT = iphoneos;
				SWIFT_ACTIVE_COMPILATION_CONDITIONS = DEBUG;
				SWIFT_OPTIMIZATION_LEVEL = "-Onone";
			};
			name = Debug;
		};
		E1A5A6FD1FEC3B7000C67798 /* Release */ = {
			isa = XCBuildConfiguration;
			buildSettings = {
				ALWAYS_SEARCH_USER_PATHS = NO;
				CLANG_ANALYZER_NONNULL = YES;
				CLANG_ANALYZER_NUMBER_OBJECT_CONVERSION = YES_AGGRESSIVE;
				CLANG_CXX_LANGUAGE_STANDARD = "gnu++14";
				CLANG_CXX_LIBRARY = "libc++";
				CLANG_ENABLE_MODULES = YES;
				CLANG_ENABLE_OBJC_ARC = YES;
				CLANG_WARN_BLOCK_CAPTURE_AUTORELEASING = YES;
				CLANG_WARN_BOOL_CONVERSION = YES;
				CLANG_WARN_COMMA = YES;
				CLANG_WARN_CONSTANT_CONVERSION = YES;
				CLANG_WARN_DIRECT_OBJC_ISA_USAGE = YES_ERROR;
				CLANG_WARN_DOCUMENTATION_COMMENTS = YES;
				CLANG_WARN_EMPTY_BODY = YES;
				CLANG_WARN_ENUM_CONVERSION = YES;
				CLANG_WARN_INFINITE_RECURSION = YES;
				CLANG_WARN_INT_CONVERSION = YES;
				CLANG_WARN_NON_LITERAL_NULL_CONVERSION = YES;
				CLANG_WARN_OBJC_LITERAL_CONVERSION = YES;
				CLANG_WARN_OBJC_ROOT_CLASS = YES_ERROR;
				CLANG_WARN_RANGE_LOOP_ANALYSIS = YES;
				CLANG_WARN_STRICT_PROTOTYPES = YES;
				CLANG_WARN_SUSPICIOUS_MOVE = YES;
				CLANG_WARN_UNGUARDED_AVAILABILITY = YES_AGGRESSIVE;
				CLANG_WARN_UNREACHABLE_CODE = YES;
				CLANG_WARN__DUPLICATE_METHOD_MATCH = YES;
				CODE_SIGN_IDENTITY = "iPhone Developer";
				COPY_PHASE_STRIP = NO;
				DEBUG_INFORMATION_FORMAT = "dwarf-with-dsym";
				ENABLE_NS_ASSERTIONS = NO;
				ENABLE_STRICT_OBJC_MSGSEND = YES;
				GCC_C_LANGUAGE_STANDARD = gnu11;
				GCC_NO_COMMON_BLOCKS = YES;
				GCC_WARN_64_TO_32_BIT_CONVERSION = YES;
				GCC_WARN_ABOUT_RETURN_TYPE = YES_ERROR;
				GCC_WARN_UNDECLARED_SELECTOR = YES;
				GCC_WARN_UNINITIALIZED_AUTOS = YES_AGGRESSIVE;
				GCC_WARN_UNUSED_FUNCTION = YES;
				GCC_WARN_UNUSED_VARIABLE = YES;
				IPHONEOS_DEPLOYMENT_TARGET = 11.2;
				MTL_ENABLE_DEBUG_INFO = NO;
				SDKROOT = iphoneos;
				SWIFT_OPTIMIZATION_LEVEL = "-Owholemodule";
				VALIDATE_PRODUCT = YES;
			};
			name = Release;
		};
		E1A5A6FF1FEC3B7000C67798 /* Debug */ = {
			isa = XCBuildConfiguration;
			baseConfigurationReference = 705C2E4C440AD29F5B3ECFEC /* Pods-jrIoT.debug.xcconfig */;
			buildSettings = {
				ASSETCATALOG_COMPILER_APPICON_NAME = AppIcon;
				CODE_SIGN_STYLE = Automatic;
				DEVELOPMENT_TEAM = MXEMDN7USP;
				INFOPLIST_FILE = jrIoT/Info.plist;
				LD_RUNPATH_SEARCH_PATHS = "$(inherited) @executable_path/Frameworks";
				PRODUCT_BUNDLE_IDENTIFIER = at.jr1.jrIoT;
				PRODUCT_NAME = "$(TARGET_NAME)";
				SWIFT_VERSION = 4.0;
				TARGETED_DEVICE_FAMILY = "1,2";
			};
			name = Debug;
		};
		E1A5A7001FEC3B7000C67798 /* Release */ = {
			isa = XCBuildConfiguration;
			baseConfigurationReference = 729F9EF69DB67EB731083CD3 /* Pods-jrIoT.release.xcconfig */;
			buildSettings = {
				ASSETCATALOG_COMPILER_APPICON_NAME = AppIcon;
				CODE_SIGN_STYLE = Automatic;
				DEVELOPMENT_TEAM = MXEMDN7USP;
				INFOPLIST_FILE = jrIoT/Info.plist;
				LD_RUNPATH_SEARCH_PATHS = "$(inherited) @executable_path/Frameworks";
				PRODUCT_BUNDLE_IDENTIFIER = at.jr1.jrIoT;
				PRODUCT_NAME = "$(TARGET_NAME)";
				SWIFT_VERSION = 4.0;
				TARGETED_DEVICE_FAMILY = "1,2";
			};
			name = Release;
		};
		E1A5A7021FEC3B7000C67798 /* Debug */ = {
			isa = XCBuildConfiguration;
			baseConfigurationReference = DE16E934EDB9D4DD12B0C8FA /* Pods-jrIoTTests.debug.xcconfig */;
			buildSettings = {
				ALWAYS_EMBED_SWIFT_STANDARD_LIBRARIES = YES;
				BUNDLE_LOADER = "$(TEST_HOST)";
				CODE_SIGN_STYLE = Automatic;
				DEVELOPMENT_TEAM = MXEMDN7USP;
				INFOPLIST_FILE = jrIoTTests/Info.plist;
				LD_RUNPATH_SEARCH_PATHS = "$(inherited) @executable_path/Frameworks @loader_path/Frameworks";
				PRODUCT_BUNDLE_IDENTIFIER = at.jr1.jrIoTTests;
				PRODUCT_NAME = "$(TARGET_NAME)";
				SWIFT_VERSION = 4.0;
				TARGETED_DEVICE_FAMILY = "1,2";
				TEST_HOST = "$(BUILT_PRODUCTS_DIR)/jrIoT.app/jrIoT";
			};
			name = Debug;
		};
		E1A5A7031FEC3B7000C67798 /* Release */ = {
			isa = XCBuildConfiguration;
			baseConfigurationReference = 7470895D63BF31BA27F334A7 /* Pods-jrIoTTests.release.xcconfig */;
			buildSettings = {
				ALWAYS_EMBED_SWIFT_STANDARD_LIBRARIES = YES;
				BUNDLE_LOADER = "$(TEST_HOST)";
				CODE_SIGN_STYLE = Automatic;
				DEVELOPMENT_TEAM = MXEMDN7USP;
				INFOPLIST_FILE = jrIoTTests/Info.plist;
				LD_RUNPATH_SEARCH_PATHS = "$(inherited) @executable_path/Frameworks @loader_path/Frameworks";
				PRODUCT_BUNDLE_IDENTIFIER = at.jr1.jrIoTTests;
				PRODUCT_NAME = "$(TARGET_NAME)";
				SWIFT_VERSION = 4.0;
				TARGETED_DEVICE_FAMILY = "1,2";
				TEST_HOST = "$(BUILT_PRODUCTS_DIR)/jrIoT.app/jrIoT";
			};
			name = Release;
		};
		E1A5A7051FEC3B7000C67798 /* Debug */ = {
			isa = XCBuildConfiguration;
			baseConfigurationReference = 82E38936EADAEE7177546421 /* Pods-jrIoTUITests.debug.xcconfig */;
			buildSettings = {
				ALWAYS_EMBED_SWIFT_STANDARD_LIBRARIES = YES;
				CODE_SIGN_STYLE = Automatic;
				DEVELOPMENT_TEAM = MXEMDN7USP;
				INFOPLIST_FILE = jrIoTUITests/Info.plist;
				LD_RUNPATH_SEARCH_PATHS = "$(inherited) @executable_path/Frameworks @loader_path/Frameworks";
				PRODUCT_BUNDLE_IDENTIFIER = at.jr1.jrIoTUITests;
				PRODUCT_NAME = "$(TARGET_NAME)";
				SWIFT_VERSION = 4.0;
				TARGETED_DEVICE_FAMILY = "1,2";
				TEST_TARGET_NAME = jrIoT;
			};
			name = Debug;
		};
		E1A5A7061FEC3B7000C67798 /* Release */ = {
			isa = XCBuildConfiguration;
			baseConfigurationReference = FC069356A4C938CE5A225BA7 /* Pods-jrIoTUITests.release.xcconfig */;
			buildSettings = {
				ALWAYS_EMBED_SWIFT_STANDARD_LIBRARIES = YES;
				CODE_SIGN_STYLE = Automatic;
				DEVELOPMENT_TEAM = MXEMDN7USP;
				INFOPLIST_FILE = jrIoTUITests/Info.plist;
				LD_RUNPATH_SEARCH_PATHS = "$(inherited) @executable_path/Frameworks @loader_path/Frameworks";
				PRODUCT_BUNDLE_IDENTIFIER = at.jr1.jrIoTUITests;
				PRODUCT_NAME = "$(TARGET_NAME)";
				SWIFT_VERSION = 4.0;
				TARGETED_DEVICE_FAMILY = "1,2";
				TEST_TARGET_NAME = jrIoT;
			};
			name = Release;
		};
/* End XCBuildConfiguration section */

/* Begin XCConfigurationList section */
		E1A5A6CE1FEC3B7000C67798 /* Build configuration list for PBXProject "jrIoT" */ = {
			isa = XCConfigurationList;
			buildConfigurations = (
				E1A5A6FC1FEC3B7000C67798 /* Debug */,
				E1A5A6FD1FEC3B7000C67798 /* Release */,
			);
			defaultConfigurationIsVisible = 0;
			defaultConfigurationName = Release;
		};
		E1A5A6FE1FEC3B7000C67798 /* Build configuration list for PBXNativeTarget "jrIoT" */ = {
			isa = XCConfigurationList;
			buildConfigurations = (
				E1A5A6FF1FEC3B7000C67798 /* Debug */,
				E1A5A7001FEC3B7000C67798 /* Release */,
			);
			defaultConfigurationIsVisible = 0;
			defaultConfigurationName = Release;
		};
		E1A5A7011FEC3B7000C67798 /* Build configuration list for PBXNativeTarget "jrIoTTests" */ = {
			isa = XCConfigurationList;
			buildConfigurations = (
				E1A5A7021FEC3B7000C67798 /* Debug */,
				E1A5A7031FEC3B7000C67798 /* Release */,
			);
			defaultConfigurationIsVisible = 0;
			defaultConfigurationName = Release;
		};
		E1A5A7041FEC3B7000C67798 /* Build configuration list for PBXNativeTarget "jrIoTUITests" */ = {
			isa = XCConfigurationList;
			buildConfigurations = (
				E1A5A7051FEC3B7000C67798 /* Debug */,
				E1A5A7061FEC3B7000C67798 /* Release */,
			);
			defaultConfigurationIsVisible = 0;
			defaultConfigurationName = Release;
		};
/* End XCConfigurationList section */

/* Begin XCVersionGroup section */
		E1A5A6DD1FEC3B7000C67798 /* jrIoT.xcdatamodeld */ = {
			isa = XCVersionGroup;
			children = (
				E1A5A6DE1FEC3B7000C67798 /* jrIoT.xcdatamodel */,
			);
			currentVersion = E1A5A6DE1FEC3B7000C67798 /* jrIoT.xcdatamodel */;
			path = jrIoT.xcdatamodeld;
			sourceTree = "<group>";
			versionGroupType = wrapper.xcdatamodel;
		};
/* End XCVersionGroup section */
	};
	rootObject = E1A5A6CB1FEC3B7000C67798 /* Project object */;
}
